
Microsoft Visual Studio Solution File, Format Version 12.00
# Visual Studio Version 17
VisualStudioVersion = 17.4.33213.308
MinimumVisualStudioVersion = 10.0.40219.1
Project("{FAE04EC0-301F-11D3-BF4B-00C04F79EFBC}") = "Pizza Sibarişİ", "Pizza Sibarişİ.csproj", "{BACAA0B1-DBE8-47F6-B5B2-1398A4EECF7D}"
EndProject
Global
	GlobalSection(SolutionConfigurationPlatforms) = preSolution
		Debug|Any CPU = Debug|Any CPU
		Release|Any CPU = Release|Any CPU
	EndGlobalSection
	GlobalSection(ProjectConfigurationPlatforms) = postSolution
		{BACAA0B1-DBE8-47F6-B5B2-1398A4EECF7D}.Debug|Any CPU.ActiveCfg = Debug|Any CPU
		{BACAA0B1-DBE8-47F6-B5B2-1398A4EECF7D}.Debug|Any CPU.Build.0 = Debug|Any CPU
		{BACAA0B1-DBE8-47F6-B5B2-1398A4EECF7D}.Release|Any CPU.ActiveCfg = Release|Any CPU
		{BACAA0B1-DBE8-47F6-B5B2-1398A4EECF7D}.Release|Any CPU.Build.0 = Release|Any CPU
	EndGlobalSection
	GlobalSection(SolutionProperties) = preSolution
		HideSolutionNode = FALSE
	EndGlobalSection
	GlobalSection(ExtensibilityGlobals) = postSolution
		SolutionGuid = {6361E5FE-B7D7-41D7-8F8E-B1EB1D8987DD}
	EndGlobalSection
EndGlobal
